
Microsoft Visual Studio Solution File, Format Version 12.00
# Visual Studio Version 17
VisualStudioVersion = 17.11.35219.272
MinimumVisualStudioVersion = 10.0.40219.1
Project("{FAE04EC0-301F-11D3-BF4B-00C04F79EFBC}") = "SkillUncap", "SkillUncap.csproj", "{EED5B0CA-340D-45A1-8F7B-E8645B74F751}"
EndProject
Global
	GlobalSection(SolutionConfigurationPlatforms) = preSolution
		Debug|Any CPU = Debug|Any CPU
		Release|Any CPU = Release|Any CPU
	EndGlobalSection
	GlobalSection(ProjectConfigurationPlatforms) = postSolution
		{EED5B0CA-340D-45A1-8F7B-E8645B74F751}.Debug|Any CPU.ActiveCfg = Debug|Any CPU
		{EED5B0CA-340D-45A1-8F7B-E8645B74F751}.Debug|Any CPU.Build.0 = Debug|Any CPU
		{EED5B0CA-340D-45A1-8F7B-E8645B74F751}.Release|Any CPU.ActiveCfg = Release|Any CPU
		{EED5B0CA-340D-45A1-8F7B-E8645B74F751}.Release|Any CPU.Build.0 = Release|Any CPU
	EndGlobalSection
	GlobalSection(SolutionProperties) = preSolution
		HideSolutionNode = FALSE
	EndGlobalSection
	GlobalSection(ExtensibilityGlobals) = postSolution
		SolutionGuid = {D80A6401-9F2B-4735-ABB3-15C40A126AE4}
	EndGlobalSection
EndGlobal
